Microsoft Visual Studio Solution File, Format Version 12.00
# Visual Studio Version 16
VisualStudioVersion = 16.0.33529.622
MinimumVisualStudioVersion = 10.0.40219.1
Project("{FAE04EC0-301F-11D3-BF4B-00C04F79EFBC}") = "MysteriousHang", "MysteriousHang\MysteriousHang.csproj", "{DD64466B-4211-4FB6-BCD9-BA121A6C4EAA}"
EndProject
Project("{FAE04EC0-301F-11D3-BF4B-00C04F79EFBC}") = "Freezer", "Freezer\Freezer.csproj", "{643EFBD4-F02D-481F-8BD4-DED66CD63800}"
EndProject
Global
	GlobalSection(SolutionConfigurationPlatforms) = preSolution
		Debug|Any CPU = Debug|Any CPU
		Release|Any CPU = Release|Any CPU
	EndGlobalSection
	GlobalSection(ProjectConfigurationPlatforms) = postSolution
		{DD64466B-4211-4FB6-BCD9-BA121A6C4EAA}.Debug|Any CPU.ActiveCfg = Debug|Any CPU
		{DD64466B-4211-4FB6-BCD9-BA121A6C4EAA}.Debug|Any CPU.Build.0 = Debug|Any CPU
		{DD64466B-4211-4FB6-BCD9-BA121A6C4EAA}.Release|Any CPU.ActiveCfg = Release|Any CPU
		{DD64466B-4211-4FB6-BCD9-BA121A6C4EAA}.Release|Any CPU.Build.0 = Release|Any CPU
		{643EFBD4-F02D-481F-8BD4-DED66CD63800}.Debug|Any CPU.ActiveCfg = Debug|Any CPU
		{643EFBD4-F02D-481F-8BD4-DED66CD63800}.Debug|Any CPU.Build.0 = Debug|Any CPU
		{643EFBD4-F02D-481F-8BD4-DED66CD63800}.Release|Any CPU.ActiveCfg = Release|Any CPU
		{643EFBD4-F02D-481F-8BD4-DED66CD63800}.Release|Any CPU.Build.0 = Release|Any CPU
	EndGlobalSection
	GlobalSection(SolutionProperties) = preSolution
		HideSolutionNode = FALSE
	EndGlobalSection
	GlobalSection(ExtensibilityGlobals) = postSolution
		SolutionGuid = {96D7E6B9-1D8D-4B2A-A6A8-B0A0FC2B5162}
	EndGlobalSection
EndGlobal
